{
  "requires": true,
  "lockfileVersion": 1,
  "dependencies": {
    "jquery": {
      "version": "3.4.1",
      "resolved": "https://registry.npmjs.org/jquery/-/jquery-3.4.1.tgz",
      "integrity": "sha512-36+AdBzCL+y6qjw5Tx7HgzeGCzC81MDDgaUP8ld2zhx58HdqXGoBd+tHdrBMiyjGQs0Hxs/MLZTu/eHNJJuWPw=="
    },
    "jqwidgets-framework": {
      "version": "8.3.2",
      "resolved": "https://registry.npmjs.org/jqwidgets-framework/-/jqwidgets-framework-8.3.2.tgz",
      "integrity": "sha512-UUJmcEThlW+2eRHwzpzQABfbRpa2L7Mlk9hwRTc0YHzT/D3qYLSQOAVgvvfSMFLiL3TUJhVg81aT3nGUS8nosA=="
    }
  }
}
